// !$*UTF8*$!
{
	archiveVersion = 1;
	classes = {
	};
	objectVersion = 46;
	objects = {

/* Begin PBXBuildFile section */
		2261B96736FA70DC0788A989 /* libPods.a in Frameworks */ = {isa = PBXBuildFile; fileRef = 3171B4EA987A27A1D92D1D69 /* libPods.a */; };
		B513570E1C32919B001891F9 /* CheckpointVC.m in Sources */ = {isa = PBXBuildFile; fileRef = B513570C1C32919B001891F9 /* CheckpointVC.m */; };
		B513570F1C32919B001891F9 /* CheckpointVC.xib in Resources */ = {isa = PBXBuildFile; fileRef = B513570D1C32919B001891F9 /* CheckpointVC.xib */; };
		B51357181C33CDFB001891F9 /* DetailCheckpointCell.m in Sources */ = {isa = PBXBuildFile; fileRef = B51357161C33CDFB001891F9 /* DetailCheckpointCell.m */; };
		B51357191C33CDFB001891F9 /* DetailCheckpointCell.xib in Resources */ = {isa = PBXBuildFile; fileRef = B51357171C33CDFB001891F9 /* DetailCheckpointCell.xib */; };
		B52CEDE61C2BEE8A008DE32B /* main.m in Sources */ = {isa = PBXBuildFile; fileRef = B52CEDE51C2BEE8A008DE32B /* main.m */; };
		B52CEDE91C2BEE8A008DE32B /* AppDelegate.m in Sources */ = {isa = PBXBuildFile; fileRef = B52CEDE81C2BEE8A008DE32B /* AppDelegate.m */; };
		B52CEDF11C2BEE8A008DE32B /* Assets.xcassets in Resources */ = {isa = PBXBuildFile; fileRef = B52CEDF01C2BEE8A008DE32B /* Assets.xcassets */; };
		B52CEDF41C2BEE8A008DE32B /* LaunchScreen.storyboard in Resources */ = {isa = PBXBuildFile; fileRef = B52CEDF21C2BEE8A008DE32B /* LaunchScreen.storyboard */; };
		B52CEE531C2F7E98008DE32B /* art.scnassets in Resources */ = {isa = PBXBuildFile; fileRef = B52CEE4D1C2F7E98008DE32B /* art.scnassets */; };
		B52CEE541C2F7E98008DE32B /* RaderView.m in Sources */ = {isa = PBXBuildFile; fileRef = B52CEE501C2F7E98008DE32B /* RaderView.m */; };
		B52CEE591C2F876E008DE32B /* GameView.m in Sources */ = {isa = PBXBuildFile; fileRef = B52CEE581C2F876E008DE32B /* GameView.m */; };
		B53917101C2F8BA700E9F0B1 /* GameVC.m in Sources */ = {isa = PBXBuildFile; fileRef = B539170E1C2F8BA700E9F0B1 /* GameVC.m */; };
		B53917111C2F8BA700E9F0B1 /* GameVC.xib in Resources */ = {isa = PBXBuildFile; fileRef = B539170F1C2F8BA700E9F0B1 /* GameVC.xib */; };
		B53917171C2FD29A00E9F0B1 /* EnemyNode.m in Sources */ = {isa = PBXBuildFile; fileRef = B53917161C2FD29A00E9F0B1 /* EnemyNode.m */; };
		B54FA2B01C3275BF003AB331 /* FirePartical.scnp in Resources */ = {isa = PBXBuildFile; fileRef = B54FA2AE1C3275BF003AB331 /* FirePartical.scnp */; };
		B54FA2B11C3275BF003AB331 /* spark.png in Resources */ = {isa = PBXBuildFile; fileRef = B54FA2AF1C3275BF003AB331 /* spark.png */; };
		B56E0E6A1C336A68004E6B79 /* plane.wav in Resources */ = {isa = PBXBuildFile; fileRef = B56E0E691C336A68004E6B79 /* plane.wav */; };
		B56E0E6C1C3376CD004E6B79 /* blast.wav in Resources */ = {isa = PBXBuildFile; fileRef = B56E0E6B1C3376CD004E6B79 /* blast.wav */; };
		B56E0E6E1C3378F7004E6B79 /* bullet.wav in Resources */ = {isa = PBXBuildFile; fileRef = B56E0E6D1C3378F7004E6B79 /* bullet.wav */; };
		B56E0E701C3379DA004E6B79 /* bomb.wav in Resources */ = {isa = PBXBuildFile; fileRef = B56E0E6F1C3379DA004E6B79 /* bomb.wav */; };
		B56E0E721C337A47004E6B79 /* laser.wav in Resources */ = {isa = PBXBuildFile; fileRef = B56E0E711C337A47004E6B79 /* laser.wav */; };
		B56E0E741C337A84004E6B79 /* protect.wav in Resources */ = {isa = PBXBuildFile; fileRef = B56E0E731C337A84004E6B79 /* protect.wav */; };
		B56E0E761C337ADA004E6B79 /* blood.wav in Resources */ = {isa = PBXBuildFile; fileRef = B56E0E751C337ADA004E6B79 /* blood.wav */; };
		B5D3F8281C2E844500C749A8 /* BaseViewController.m in Sources */ = {isa = PBXBuildFile; fileRef = B5D3F7F61C2E844500C749A8 /* BaseViewController.m */; };
		B5D3F8291C2E844500C749A8 /* back.png in Resources */ = {isa = PBXBuildFile; fileRef = B5D3F7F81C2E844500C749A8 /* back.png */; };
		B5D3F82A1C2E844500C749A8 /* HUDLoading1.png in Resources */ = {isa = PBXBuildFile; fileRef = B5D3F7F91C2E844500C749A8 /* HUDLoading1.png */; };
		B5D3F82B1C2E844500C749A8 /* HUDLoading2.png in Resources */ = {isa = PBXBuildFile; fileRef = B5D3F7FA1C2E844500C749A8 /* HUDLoading2.png */; };
		B5D3F82C1C2E844500C749A8 /* HUDLoading3.png in Resources */ = {isa = PBXBuildFile; fileRef = B5D3F7FB1C2E844500C749A8 /* HUDLoading3.png */; };
		B5D3F82D1C2E844500C749A8 /* HUDLoading4.png in Resources */ = {isa = PBXBuildFile; fileRef = B5D3F7FC1C2E844500C749A8 /* HUDLoading4.png */; };
		B5D3F82E1C2E844500C749A8 /* HUDLoading5.png in Resources */ = {isa = PBXBuildFile; fileRef = B5D3F7FD1C2E844500C749A8 /* HUDLoading5.png */; };
		B5D3F82F1C2E844500C749A8 /* HUDLoading6.png in Resources */ = {isa = PBXBuildFile; fileRef = B5D3F7FE1C2E844500C749A8 /* HUDLoading6.png */; };
		B5D3F8301C2E844500C749A8 /* HUDLoading7.png in Resources */ = {isa = PBXBuildFile; fileRef = B5D3F7FF1C2E844500C749A8 /* HUDLoading7.png */; };
		B5D3F8311C2E844500C749A8 /* IntroView.m in Sources */ = {isa = PBXBuildFile; fileRef = B5D3F8021C2E844500C749A8 /* IntroView.m */; };
		B5D3F8321C2E844500C749A8 /* cellcheck.png in Resources */ = {isa = PBXBuildFile; fileRef = B5D3F8051C2E844500C749A8 /* cellcheck.png */; };
		B5D3F8331C2E844500C749A8 /* SGActionView.m in Sources */ = {isa = PBXBuildFile; fileRef = B5D3F8071C2E844500C749A8 /* SGActionView.m */; };
		B5D3F8341C2E844500C749A8 /* SGAlertMenu.m in Sources */ = {isa = PBXBuildFile; fileRef = B5D3F8091C2E844500C749A8 /* SGAlertMenu.m */; };
		B5D3F8351C2E844500C749A8 /* SGBaseMenu.m in Sources */ = {isa = PBXBuildFile; fileRef = B5D3F80B1C2E844500C749A8 /* SGBaseMenu.m */; };
		B5D3F8361C2E844500C749A8 /* SGGridMenu.m in Sources */ = {isa = PBXBuildFile; fileRef = B5D3F80D1C2E844500C749A8 /* SGGridMenu.m */; };
		B5D3F8371C2E844500C749A8 /* SGSheetMenu.m in Sources */ = {isa = PBXBuildFile; fileRef = B5D3F80F1C2E844500C749A8 /* SGSheetMenu.m */; };
		B5D3F8381C2E844500C749A8 /* AlertInfo.png in Resources */ = {isa = PBXBuildFile; fileRef = B5D3F8121C2E844500C749A8 /* AlertInfo.png */; };
		B5D3F8391C2E844500C749A8 /* AlertLeft.png in Resources */ = {isa = PBXBuildFile; fileRef = B5D3F8131C2E844500C749A8 /* AlertLeft.png */; };
		B5D3F83A1C2E844500C749A8 /* AlertRight.png in Resources */ = {isa = PBXBuildFile; fileRef = B5D3F8141C2E844500C749A8 /* AlertRight.png */; };
		B5D3F83B1C2E844500C749A8 /* AlertStatus.png in Resources */ = {isa = PBXBuildFile; fileRef = B5D3F8151C2E844500C749A8 /* AlertStatus.png */; };
		B5D3F83C1C2E844500C749A8 /* TipView.m in Sources */ = {isa = PBXBuildFile; fileRef = B5D3F8171C2E844500C749A8 /* TipView.m */; };
		B5D3F83D1C2E844500C749A8 /* UserDefaults.m in Sources */ = {isa = PBXBuildFile; fileRef = B5D3F81A1C2E844500C749A8 /* UserDefaults.m */; };
		B5D3F83E1C2E844500C749A8 /* Util.m in Sources */ = {isa = PBXBuildFile; fileRef = B5D3F81E1C2E844500C749A8 /* Util.m */; };
		B5D3F83F1C2E844500C749A8 /* MainTabVC.m in Sources */ = {isa = PBXBuildFile; fileRef = B5D3F8211C2E844500C749A8 /* MainTabVC.m */; };
		B5D3F8401C2E844500C749A8 /* ScoreVC.m in Sources */ = {isa = PBXBuildFile; fileRef = B5D3F8231C2E844500C749A8 /* ScoreVC.m */; };
		B5D3F8411C2E844500C749A8 /* ScoreVC.xib in Resources */ = {isa = PBXBuildFile; fileRef = B5D3F8241C2E844500C749A8 /* ScoreVC.xib */; };
		B5D3F8421C2E844500C749A8 /* StartVC.m in Sources */ = {isa = PBXBuildFile; fileRef = B5D3F8261C2E844500C749A8 /* StartVC.m */; };
		B5D3F8431C2E844500C749A8 /* StartVC.xib in Resources */ = {isa = PBXBuildFile; fileRef = B5D3F8271C2E844500C749A8 /* StartVC.xib */; };
		B5D3F8481C2E87BC00C749A8 /* HistoryCell.m in Sources */ = {isa = PBXBuildFile; fileRef = B5D3F8471C2E87BC00C749A8 /* HistoryCell.m */; };
		B5D3F84A1C2E87F200C749A8 /* HistoryCell.xib in Resources */ = {isa = PBXBuildFile; fileRef = B5D3F8491C2E87F200C749A8 /* HistoryCell.xib */; };
		B5FDD6B11C2FBDA200AB9903 /* InStroVC.m in Sources */ = {isa = PBXBuildFile; fileRef = B5FDD6B01C2FBDA200AB9903 /* InStroVC.m */; };
/* End PBXBuildFile section */

/* Begin PBXFileReference section */
		3171B4EA987A27A1D92D1D69 /* libPods.a */ = {isa = PBXFileReference; explicitFileType = archive.ar; includeInIndex = 0; path = libPods.a; sourceTree = BUILT_PRODUCTS_DIR; };
		B513570B1C32919B001891F9 /* CheckpointVC.h */ = {isa = PBXFileReference; fileEncoding = 4; lastKnownFileType = sourcecode.c.h; path = CheckpointVC.h; sourceTree = "<group>"; };
		B513570C1C32919B001891F9 /* CheckpointVC.m */ = {isa = PBXFileReference; fileEncoding = 4; lastKnownFileType = sourcecode.c.objc; path = CheckpointVC.m; sourceTree = "<group>"; };
		B513570D1C32919B001891F9 /* CheckpointVC.xib */ = {isa = PBXFileReference; fileEncoding = 4; lastKnownFileType = file.xib; path = CheckpointVC.xib; sourceTree = "<group>"; };
		B51357151C33CDFB001891F9 /* DetailCheckpointCell.h */ = {isa = PBXFileReference; fileEncoding = 4; lastKnownFileType = sourcecode.c.h; path = DetailCheckpointCell.h; sourceTree = "<group>"; };
		B51357161C33CDFB001891F9 /* DetailCheckpointCell.m */ = {isa = PBXFileReference; fileEncoding = 4; lastKnownFileType = sourcecode.c.objc; path = DetailCheckpointCell.m; sourceTree = "<group>"; };
		B51357171C33CDFB001891F9 /* DetailCheckpointCell.xib */ = {isa = PBXFileReference; fileEncoding = 4; lastKnownFileType = file.xib; path = DetailCheckpointCell.xib; sourceTree = "<group>"; };
		B52CEDE11C2BEE8A008DE32B /* SkyFighting.app */ = {isa = PBXFileReference; explicitFileType = wrapper.application; includeInIndex = 0; path = SkyFighting.app; sourceTree = BUILT_PRODUCTS_DIR; };
		B52CEDE51C2BEE8A008DE32B /* main.m */ = {isa = PBXFileReference; lastKnownFileType = sourcecode.c.objc; path = main.m; sourceTree = "<group>"; };
		B52CEDE71C2BEE8A008DE32B /* AppDelegate.h */ = {isa = PBXFileReference; lastKnownFileType = sourcecode.c.h; path = AppDelegate.h; sourceTree = "<group>"; };
		B52CEDE81C2BEE8A008DE32B /* AppDelegate.m */ = {isa = PBXFileReference; lastKnownFileType = sourcecode.c.objc; path = AppDelegate.m; sourceTree = "<group>"; };
		B52CEDF01C2BEE8A008DE32B /* Assets.xcassets */ = {isa = PBXFileReference; lastKnownFileType = folder.assetcatalog; path = Assets.xcassets; sourceTree = "<group>"; };
		B52CEDF31C2BEE8A008DE32B /* Base */ = {isa = PBXFileReference; lastKnownFileType = file.storyboard; name = Base; path = Base.lproj/LaunchScreen.storyboard; sourceTree = "<group>"; };
		B52CEDF51C2BEE8A008DE32B /* Info.plist */ = {isa = PBXFileReference; lastKnownFileType = text.plist.xml; path = Info.plist; sourceTree = "<group>"; };
		B52CEE4D1C2F7E98008DE32B /* art.scnassets */ = {isa = PBXFileReference; lastKnownFileType = wrapper.scnassets; path = art.scnassets; sourceTree = "<group>"; };
		B52CEE4F1C2F7E98008DE32B /* RaderView.h */ = {isa = PBXFileReference; fileEncoding = 4; lastKnownFileType = sourcecode.c.h; path = RaderView.h; sourceTree = "<group>"; };
		B52CEE501C2F7E98008DE32B /* RaderView.m */ = {isa = PBXFileReference; fileEncoding = 4; lastKnownFileType = sourcecode.c.objc; path = RaderView.m; sourceTree = "<group>"; };
		B52CEE571C2F876E008DE32B /* GameView.h */ = {isa = PBXFileReference; fileEncoding = 4; lastKnownFileType = sourcecode.c.h; path = GameView.h; sourceTree = "<group>"; };
		B52CEE581C2F876E008DE32B /* GameView.m */ = {isa = PBXFileReference; fileEncoding = 4; lastKnownFileType = sourcecode.c.objc; path = GameView.m; sourceTree = "<group>"; };
		B539170D1C2F8BA700E9F0B1 /* GameVC.h */ = {isa = PBXFileReference; fileEncoding = 4; lastKnownFileType = sourcecode.c.h; path = GameVC.h; sourceTree = "<group>"; };
		B539170E1C2F8BA700E9F0B1 /* GameVC.m */ = {isa = PBXFileReference; fileEncoding = 4; lastKnownFileType = sourcecode.c.objc; path = GameVC.m; sourceTree = "<group>"; };
		B539170F1C2F8BA700E9F0B1 /* GameVC.xib */ = {isa = PBXFileReference; fileEncoding = 4; lastKnownFileType = file.xib; path = GameVC.xib; sourceTree = "<group>"; };
		B53917151C2FD29A00E9F0B1 /* EnemyNode.h */ = {isa = PBXFileReference; fileEncoding = 4; lastKnownFileType = sourcecode.c.h; path = EnemyNode.h; sourceTree = "<group>"; };
		B53917161C2FD29A00E9F0B1 /* EnemyNode.m */ = {isa = PBXFileReference; fileEncoding = 4; lastKnownFileType = sourcecode.c.objc; path = EnemyNode.m; sourceTree = "<group>"; };
		B54FA2AE1C3275BF003AB331 /* FirePartical.scnp */ = {isa = PBXFileReference; lastKnownFileType = file.scp; path = FirePartical.scnp; sourceTree = "<group>"; };
		B54FA2AF1C3275BF003AB331 /* spark.png */ = {isa = PBXFileReference; lastKnownFileType = image.png; path = spark.png; sourceTree = "<group>"; };
		B56E0E691C336A68004E6B79 /* plane.wav */ = {isa = PBXFileReference; lastKnownFileType = audio.wav; path = plane.wav; sourceTree = "<group>"; };
		B56E0E6B1C3376CD004E6B79 /* blast.wav */ = {isa = PBXFileReference; lastKnownFileType = audio.wav; path = blast.wav; sourceTree = "<group>"; };
		B56E0E6D1C3378F7004E6B79 /* bullet.wav */ = {isa = PBXFileReference; lastKnownFileType = audio.wav; path = bullet.wav; sourceTree = "<group>"; };
		B56E0E6F1C3379DA004E6B79 /* bomb.wav */ = {isa = PBXFileReference; lastKnownFileType = audio.wav; path = bomb.wav; sourceTree = "<group>"; };
		B56E0E711C337A47004E6B79 /* laser.wav */ = {isa = PBXFileReference; lastKnownFileType = audio.wav; path = laser.wav; sourceTree = "<group>"; };
		B56E0E731C337A84004E6B79 /* protect.wav */ = {isa = PBXFileReference; lastKnownFileType = audio.wav; path = protect.wav; sourceTree = "<group>"; };
		B56E0E751C337ADA004E6B79 /* blood.wav */ = {isa = PBXFileReference; lastKnownFileType = audio.wav; path = blood.wav; sourceTree = "<group>"; };
		B5D3F7F51C2E844500C749A8 /* BaseViewController.h */ = {isa = PBXFileReference; fileEncoding = 4; lastKnownFileType = sourcecode.c.h; path = BaseViewController.h; sourceTree = "<group>"; };
		B5D3F7F61C2E844500C749A8 /* BaseViewController.m */ = {isa = PBXFileReference; fileEncoding = 4; lastKnownFileType = sourcecode.c.objc; path = BaseViewController.m; sourceTree = "<group>"; };
		B5D3F7F81C2E844500C749A8 /* back.png */ = {isa = PBXFileReference; lastKnownFileType = image.png; path = back.png; sourceTree = "<group>"; };
		B5D3F7F91C2E844500C749A8 /* HUDLoading1.png */ = {isa = PBXFileReference; lastKnownFileType = image.png; path = HUDLoading1.png; sourceTree = "<group>"; };
		B5D3F7FA1C2E844500C749A8 /* HUDLoading2.png */ = {isa = PBXFileReference; lastKnownFileType = image.png; path = HUDLoading2.png; sourceTree = "<group>"; };
		B5D3F7FB1C2E844500C749A8 /* HUDLoading3.png */ = {isa = PBXFileReference; lastKnownFileType = image.png; path = HUDLoading3.png; sourceTree = "<group>"; };
		B5D3F7FC1C2E844500C749A8 /* HUDLoading4.png */ = {isa = PBXFileReference; lastKnownFileType = image.png; path = HUDLoading4.png; sourceTree = "<group>"; };
		B5D3F7FD1C2E844500C749A8 /* HUDLoading5.png */ = {isa = PBXFileReference; lastKnownFileType = image.png; path = HUDLoading5.png; sourceTree = "<group>"; };
		B5D3F7FE1C2E844500C749A8 /* HUDLoading6.png */ = {isa = PBXFileReference; lastKnownFileType = image.png; path = HUDLoading6.png; sourceTree = "<group>"; };
		B5D3F7FF1C2E844500C749A8 /* HUDLoading7.png */ = {isa = PBXFileReference; lastKnownFileType = image.png; path = HUDLoading7.png; sourceTree = "<group>"; };
		B5D3F8011C2E844500C749A8 /* IntroView.h */ = {isa = PBXFileReference; fileEncoding = 4; lastKnownFileType = sourcecode.c.h; path = IntroView.h; sourceTree = "<group>"; };
		B5D3F8021C2E844500C749A8 /* IntroView.m */ = {isa = PBXFileReference; fileEncoding = 4; lastKnownFileType = sourcecode.c.objc; path = IntroView.m; sourceTree = "<group>"; };
		B5D3F8051C2E844500C749A8 /* cellcheck.png */ = {isa = PBXFileReference; lastKnownFileType = image.png; path = cellcheck.png; sourceTree = "<group>"; };
		B5D3F8061C2E844500C749A8 /* SGActionView.h */ = {isa = PBXFileReference; fileEncoding = 4; lastKnownFileType = sourcecode.c.h; path = SGActionView.h; sourceTree = "<group>"; };
		B5D3F8071C2E844500C749A8 /* SGActionView.m */ = {isa = PBXFileReference; fileEncoding = 4; lastKnownFileType = sourcecode.c.objc; path = SGActionView.m; sourceTree = "<group>"; };
		B5D3F8081C2E844500C749A8 /* SGAlertMenu.h */ = {isa = PBXFileReference; fileEncoding = 4; lastKnownFileType = sourcecode.c.h; path = SGAlertMenu.h; sourceTree = "<group>"; };
		B5D3F8091C2E844500C749A8 /* SGAlertMenu.m */ = {isa = PBXFileReference; fileEncoding = 4; lastKnownFileType = sourcecode.c.objc; path = SGAlertMenu.m; sourceTree = "<group>"; };
		B5D3F80A1C2E844500C749A8 /* SGBaseMenu.h */ = {isa = PBXFileReference; fileEncoding = 4; lastKnownFileType = sourcecode.c.h; path = SGBaseMenu.h; sourceTree = "<group>"; };
		B5D3F80B1C2E844500C749A8 /* SGBaseMenu.m */ = {isa = PBXFileReference; fileEncoding = 4; lastKnownFileType = sourcecode.c.objc; path = SGBaseMenu.m; sourceTree = "<group>"; };
		B5D3F80C1C2E844500C749A8 /* SGGridMenu.h */ = {isa = PBXFileReference; fileEncoding = 4; lastKnownFileType = sourcecode.c.h; path = SGGridMenu.h; sourceTree = "<group>"; };
		B5D3F80D1C2E844500C749A8 /* SGGridMenu.m */ = {isa = PBXFileReference; fileEncoding = 4; lastKnownFileType = sourcecode.c.objc; path = SGGridMenu.m; sourceTree = "<group>"; };
		B5D3F80E1C2E844500C749A8 /* SGSheetMenu.h */ = {isa = PBXFileReference; fileEncoding = 4; lastKnownFileType = sourcecode.c.h; path = SGSheetMenu.h; sourceTree = "<group>"; };
		B5D3F80F1C2E844500C749A8 /* SGSheetMenu.m */ = {isa = PBXFileReference; fileEncoding = 4; lastKnownFileType = sourcecode.c.objc; path = SGSheetMenu.m; sourceTree = "<group>"; };
		B5D3F8121C2E844500C749A8 /* AlertInfo.png */ = {isa = PBXFileReference; lastKnownFileType = image.png; path = AlertInfo.png; sourceTree = "<group>"; };
		B5D3F8131C2E844500C749A8 /* AlertLeft.png */ = {isa = PBXFileReference; lastKnownFileType = image.png; path = AlertLeft.png; sourceTree = "<group>"; };
		B5D3F8141C2E844500C749A8 /* AlertRight.png */ = {isa = PBXFileReference; lastKnownFileType = image.png; path = AlertRight.png; sourceTree = "<group>"; };
		B5D3F8151C2E844500C749A8 /* AlertStatus.png */ = {isa = PBXFileReference; lastKnownFileType = image.png; path = AlertStatus.png; sourceTree = "<group>"; };
		B5D3F8161C2E844500C749A8 /* TipView.h */ = {isa = PBXFileReference; fileEncoding = 4; lastKnownFileType = sourcecode.c.h; path = TipView.h; sourceTree = "<group>"; };
		B5D3F8171C2E844500C749A8 /* TipView.m */ = {isa = PBXFileReference; fileEncoding = 4; lastKnownFileType = sourcecode.c.objc; path = TipView.m; sourceTree = "<group>"; };
		B5D3F8191C2E844500C749A8 /* UserDefaults.h */ = {isa = PBXFileReference; fileEncoding = 4; lastKnownFileType = sourcecode.c.h; path = UserDefaults.h; sourceTree = "<group>"; };
		B5D3F81A1C2E844500C749A8 /* UserDefaults.m */ = {isa = PBXFileReference; fileEncoding = 4; lastKnownFileType = sourcecode.c.objc; path = UserDefaults.m; sourceTree = "<group>"; };
		B5D3F81C1C2E844500C749A8 /* Header.h */ = {isa = PBXFileReference; fileEncoding = 4; lastKnownFileType = sourcecode.c.h; path = Header.h; sourceTree = "<group>"; };
		B5D3F81D1C2E844500C749A8 /* Util.h */ = {isa = PBXFileReference; fileEncoding = 4; lastKnownFileType = sourcecode.c.h; path = Util.h; sourceTree = "<group>"; };
		B5D3F81E1C2E844500C749A8 /* Util.m */ = {isa = PBXFileReference; fileEncoding = 4; lastKnownFileType = sourcecode.c.objc; path = Util.m; sourceTree = "<group>"; };
		B5D3F8201C2E844500C749A8 /* MainTabVC.h */ = {isa = PBXFileReference; fileEncoding = 4; lastKnownFileType = sourcecode.c.h; path = MainTabVC.h; sourceTree = "<group>"; };
		B5D3F8211C2E844500C749A8 /* MainTabVC.m */ = {isa = PBXFileReference; fileEncoding = 4; lastKnownFileType = sourcecode.c.objc; path = MainTabVC.m; sourceTree = "<group>"; };
		B5D3F8221C2E844500C749A8 /* ScoreVC.h */ = {isa = PBXFileReference; fileEncoding = 4; lastKnownFileType = sourcecode.c.h; path = ScoreVC.h; sourceTree = "<group>"; };
		B5D3F8231C2E844500C749A8 /* ScoreVC.m */ = {isa = PBXFileReference; fileEncoding = 4; lastKnownFileType = sourcecode.c.objc; path = ScoreVC.m; sourceTree = "<group>"; };
		B5D3F8241C2E844500C749A8 /* ScoreVC.xib */ = {isa = PBXFileReference; fileEncoding = 4; lastKnownFileType = file.xib; path = ScoreVC.xib; sourceTree = "<group>"; };
		B5D3F8251C2E844500C749A8 /* StartVC.h */ = {isa = PBXFileReference; fileEncoding = 4; lastKnownFileType = sourcecode.c.h; path = StartVC.h; sourceTree = "<group>"; };
		B5D3F8261C2E844500C749A8 /* StartVC.m */ = {isa = PBXFileReference; fileEncoding = 4; lastKnownFileType = sourcecode.c.objc; path = StartVC.m; sourceTree = "<group>"; };
		B5D3F8271C2E844500C749A8 /* StartVC.xib */ = {isa = PBXFileReference; fileEncoding = 4; lastKnownFileType = file.xib; path = StartVC.xib; sourceTree = "<group>"; };
		B5D3F8461C2E87BC00C749A8 /* HistoryCell.h */ = {isa = PBXFileReference; fileEncoding = 4; lastKnownFileType = sourcecode.c.h; path = HistoryCell.h; sourceTree = "<group>"; };
		B5D3F8471C2E87BC00C749A8 /* HistoryCell.m */ = {isa = PBXFileReference; fileEncoding = 4; lastKnownFileType = sourcecode.c.objc; path = HistoryCell.m; sourceTree = "<group>"; };
		B5D3F8491C2E87F200C749A8 /* HistoryCell.xib */ = {isa = PBXFileReference; fileEncoding = 4; lastKnownFileType = file.xib; path = HistoryCell.xib; sourceTree = "<group>"; };
		B5FDD6AF1C2FBDA200AB9903 /* InStroVC.h */ = {isa = PBXFileReference; fileEncoding = 4; lastKnownFileType = sourcecode.c.h; path = InStroVC.h; sourceTree = "<group>"; };
		B5FDD6B01C2FBDA200AB9903 /* InStroVC.m */ = {isa = PBXFileReference; fileEncoding = 4; lastKnownFileType = sourcecode.c.objc; path = InStroVC.m; sourceTree = "<group>"; };
		CD49B49B25C35B1A5D639267 /* Pods.debug.xcconfig */ = {isa = PBXFileReference; includeInIndex = 1; lastKnownFileType = text.xcconfig; name = Pods.debug.xcconfig; path = "Pods/Target Support Files/Pods/Pods.debug.xcconfig"; sourceTree = "<group>"; };
		D74D4AE0A390BDE6D7713197 /* Pods.release.xcconfig */ = {isa = PBXFileReference; includeInIndex = 1; lastKnownFileType = text.xcconfig; name = Pods.release.xcconfig; path = "Pods/Target Support Files/Pods/Pods.release.xcconfig"; sourceTree = "<group>"; };
/* End PBXFileReference section */

/* Begin PBXFrameworksBuildPhase section */
		B52CEDDE1C2BEE8A008DE32B /* Frameworks */ = {
			isa = PBXFrameworksBuildPhase;
			buildActionMask = 2147483647;
			files = (
				2261B96736FA70DC0788A989 /* libPods.a in Frameworks */,
			);
			runOnlyForDeploymentPostprocessing = 0;
		};
/* End PBXFrameworksBuildPhase section */

/* Begin PBXGroup section */
		55FC96036A7FFFD688A52324 /* Pods */ = {
			isa = PBXGroup;
			children = (
				CD49B49B25C35B1A5D639267 /* Pods.debug.xcconfig */,
				D74D4AE0A390BDE6D7713197 /* Pods.release.xcconfig */,
			);
			name = Pods;
			sourceTree = "<group>";
		};
		B52CEDD81C2BEE8A008DE32B = {
			isa = PBXGroup;
			children = (
				B52CEDE31C2BEE8A008DE32B /* SkyFighting */,
				B52CEDE21C2BEE8A008DE32B /* Products */,
				55FC96036A7FFFD688A52324 /* Pods */,
				B711E548EE89A45B495F0C04 /* Frameworks */,
			);
			sourceTree = "<group>";
		};
		B52CEDE21C2BEE8A008DE32B /* Products */ = {
			isa = PBXGroup;
			children = (
				B52CEDE11C2BEE8A008DE32B /* SkyFighting.app */,
			);
			name = Products;
			sourceTree = "<group>";
		};
		B52CEDE31C2BEE8A008DE32B /* SkyFighting */ = {
			isa = PBXGroup;
			children = (
				B5D3F8451C2E879100C749A8 /* CustomCell */,
				B5D3F7F31C2E844500C749A8 /* Component */,
				B5D3F8181C2E844500C749A8 /* User */,
				B5D3F81B1C2E844500C749A8 /* Util */,
				B5D3F81F1C2E844500C749A8 /* ViewController */,
				B52CEDE71C2BEE8A008DE32B /* AppDelegate.h */,
				B52CEDE81C2BEE8A008DE32B /* AppDelegate.m */,
				B52CEDF01C2BEE8A008DE32B /* Assets.xcassets */,
				B52CEDF21C2BEE8A008DE32B /* LaunchScreen.storyboard */,
				B52CEDF51C2BEE8A008DE32B /* Info.plist */,
				B52CEDE41C2BEE8A008DE32B /* Supporting Files */,
			);
			path = SkyFighting;
			sourceTree = "<group>";
		};
		B52CEDE41C2BEE8A008DE32B /* Supporting Files */ = {
			isa = PBXGroup;
			children = (
				B52CEDE51C2BEE8A008DE32B /* main.m */,
			);
			name = "Supporting Files";
			sourceTree = "<group>";
		};
		B52CEE4C1C2F7E98008DE32B /* Game */ = {
			isa = PBXGroup;
			children = (
				B52CEE561C2F874E008DE32B /* GameView */,
				B52CEE4D1C2F7E98008DE32B /* art.scnassets */,
				B52CEE4E1C2F7E98008DE32B /* Radar */,
			);
			path = Game;
			sourceTree = "<group>";
		};
		B52CEE4E1C2F7E98008DE32B /* Radar */ = {
			isa = PBXGroup;
			children = (
				B52CEE4F1C2F7E98008DE32B /* RaderView.h */,
				B52CEE501C2F7E98008DE32B /* RaderView.m */,
			);
			path = Radar;
			sourceTree = "<group>";
		};
		B52CEE561C2F874E008DE32B /* GameView */ = {
			isa = PBXGroup;
			children = (
				B56E0E631C3365AC004E6B79 /* Sound */,
				B54FA2AD1C327589003AB331 /* Partical */,
				B52CEE571C2F876E008DE32B /* GameView.h */,
				B52CEE581C2F876E008DE32B /* GameView.m */,
				B53917151C2FD29A00E9F0B1 /* EnemyNode.h */,
				B53917161C2FD29A00E9F0B1 /* EnemyNode.m */,
			);
			path = GameView;
			sourceTree = "<group>";
		};
		B54FA2AD1C327589003AB331 /* Partical */ = {
			isa = PBXGroup;
			children = (
				B54FA2AE1C3275BF003AB331 /* FirePartical.scnp */,
				B54FA2AF1C3275BF003AB331 /* spark.png */,
			);
			path = Partical;
			sourceTree = "<group>";
		};
		B56E0E631C3365AC004E6B79 /* Sound */ = {
			isa = PBXGroup;
			children = (
				B56E0E751C337ADA004E6B79 /* blood.wav */,
				B56E0E731C337A84004E6B79 /* protect.wav */,
				B56E0E711C337A47004E6B79 /* laser.wav */,
				B56E0E6F1C3379DA004E6B79 /* bomb.wav */,
				B56E0E6D1C3378F7004E6B79 /* bullet.wav */,
				B56E0E6B1C3376CD004E6B79 /* blast.wav */,
				B56E0E691C336A68004E6B79 /* plane.wav */,
			);
			path = Sound;
			sourceTree = "<group>";
		};
		B5D3F7F31C2E844500C749A8 /* Component */ = {
			isa = PBXGroup;
			children = (
				B52CEE4C1C2F7E98008DE32B /* Game */,
				B5D3F7F41C2E844500C749A8 /* BaseVc */,
				B5D3F8001C2E844500C749A8 /* IntroView */,
				B5D3F8031C2E844500C749A8 /* SGActionView */,
				B5D3F8101C2E844500C749A8 /* TipView */,
			);
			path = Component;
			sourceTree = "<group>";
		};
		B5D3F7F41C2E844500C749A8 /* BaseVc */ = {
			isa = PBXGroup;
			children = (
				B5D3F7F51C2E844500C749A8 /* BaseViewController.h */,
				B5D3F7F61C2E844500C749A8 /* BaseViewController.m */,
				B5D3F7F71C2E844500C749A8 /* img */,
			);
			path = BaseVc;
			sourceTree = "<group>";
		};
		B5D3F7F71C2E844500C749A8 /* img */ = {
			isa = PBXGroup;
			children = (
				B5D3F7F81C2E844500C749A8 /* back.png */,
				B5D3F7F91C2E844500C749A8 /* HUDLoading1.png */,
				B5D3F7FA1C2E844500C749A8 /* HUDLoading2.png */,
				B5D3F7FB1C2E844500C749A8 /* HUDLoading3.png */,
				B5D3F7FC1C2E844500C749A8 /* HUDLoading4.png */,
				B5D3F7FD1C2E844500C749A8 /* HUDLoading5.png */,
				B5D3F7FE1C2E844500C749A8 /* HUDLoading6.png */,
				B5D3F7FF1C2E844500C749A8 /* HUDLoading7.png */,
			);
			path = img;
			sourceTree = "<group>";
		};
		B5D3F8001C2E844500C749A8 /* IntroView */ = {
			isa = PBXGroup;
			children = (
				B5D3F8011C2E844500C749A8 /* IntroView.h */,
				B5D3F8021C2E844500C749A8 /* IntroView.m */,
			);
			path = IntroView;
			sourceTree = "<group>";
		};
		B5D3F8031C2E844500C749A8 /* SGActionView */ = {
			isa = PBXGroup;
			children = (
				B5D3F8041C2E844500C749A8 /* image */,
				B5D3F8061C2E844500C749A8 /* SGActionView.h */,
				B5D3F8071C2E844500C749A8 /* SGActionView.m */,
				B5D3F8081C2E844500C749A8 /* SGAlertMenu.h */,
				B5D3F8091C2E844500C749A8 /* SGAlertMenu.m */,
				B5D3F80A1C2E844500C749A8 /* SGBaseMenu.h */,
				B5D3F80B1C2E844500C749A8 /* SGBaseMenu.m */,
				B5D3F80C1C2E844500C749A8 /* SGGridMenu.h */,
				B5D3F80D1C2E844500C749A8 /* SGGridMenu.m */,
				B5D3F80E1C2E844500C749A8 /* SGSheetMenu.h */,
				B5D3F80F1C2E844500C749A8 /* SGSheetMenu.m */,
			);
			path = SGActionView;
			sourceTree = "<group>";
		};
		B5D3F8041C2E844500C749A8 /* image */ = {
			isa = PBXGroup;
			children = (
				B5D3F8051C2E844500C749A8 /* cellcheck.png */,
			);
			path = image;
			sourceTree = "<group>";
		};
		B5D3F8101C2E844500C749A8 /* TipView */ = {
			isa = PBXGroup;
			children = (
				B5D3F8111C2E844500C749A8 /* Image */,
				B5D3F8161C2E844500C749A8 /* TipView.h */,
				B5D3F8171C2E844500C749A8 /* TipView.m */,
			);
			path = TipView;
			sourceTree = "<group>";
		};
		B5D3F8111C2E844500C749A8 /* Image */ = {
			isa = PBXGroup;
			children = (
				B5D3F8121C2E844500C749A8 /* AlertInfo.png */,
				B5D3F8131C2E844500C749A8 /* AlertLeft.png */,
				B5D3F8141C2E844500C749A8 /* AlertRight.png */,
				B5D3F8151C2E844500C749A8 /* AlertStatus.png */,
			);
			path = Image;
			sourceTree = "<group>";
		};
		B5D3F8181C2E844500C749A8 /* User */ = {
			isa = PBXGroup;
			children = (
				B5D3F8191C2E844500C749A8 /* UserDefaults.h */,
				B5D3F81A1C2E844500C749A8 /* UserDefaults.m */,
			);
			path = User;
			sourceTree = "<group>";
		};
		B5D3F81B1C2E844500C749A8 /* Util */ = {
			isa = PBXGroup;
			children = (
				B5D3F81C1C2E844500C749A8 /* Header.h */,
				B5D3F81D1C2E844500C749A8 /* Util.h */,
				B5D3F81E1C2E844500C749A8 /* Util.m */,
			);
			path = Util;
			sourceTree = "<group>";
		};
		B5D3F81F1C2E844500C749A8 /* ViewController */ = {
			isa = PBXGroup;
			children = (
				B5D3F8201C2E844500C749A8 /* MainTabVC.h */,
				B5D3F8211C2E844500C749A8 /* MainTabVC.m */,
				B5D3F8221C2E844500C749A8 /* ScoreVC.h */,
				B5D3F8231C2E844500C749A8 /* ScoreVC.m */,
				B5D3F8241C2E844500C749A8 /* ScoreVC.xib */,
				B5D3F8251C2E844500C749A8 /* StartVC.h */,
				B5D3F8261C2E844500C749A8 /* StartVC.m */,
				B5D3F8271C2E844500C749A8 /* StartVC.xib */,
				B539170D1C2F8BA700E9F0B1 /* GameVC.h */,
				B539170E1C2F8BA700E9F0B1 /* GameVC.m */,
				B539170F1C2F8BA700E9F0B1 /* GameVC.xib */,
				B513570B1C32919B001891F9 /* CheckpointVC.h */,
				B513570C1C32919B001891F9 /* CheckpointVC.m */,
				B513570D1C32919B001891F9 /* CheckpointVC.xib */,
				B5FDD6AF1C2FBDA200AB9903 /* InStroVC.h */,
				B5FDD6B01C2FBDA200AB9903 /* InStroVC.m */,
			);
			path = ViewController;
			sourceTree = "<group>";
		};
		B5D3F8451C2E879100C749A8 /* CustomCell */ = {
			isa = PBXGroup;
			children = (
				B5D3F8461C2E87BC00C749A8 /* HistoryCell.h */,
				B5D3F8471C2E87BC00C749A8 /* HistoryCell.m */,
				B5D3F8491C2E87F200C749A8 /* HistoryCell.xib */,
				B51357151C33CDFB001891F9 /* DetailCheckpointCell.h */,
				B51357161C33CDFB001891F9 /* DetailCheckpointCell.m */,
				B51357171C33CDFB001891F9 /* DetailCheckpointCell.xib */,
			);
			path = CustomCell;
			sourceTree = "<group>";
		};
		B711E548EE89A45B495F0C04 /* Frameworks */ = {
			isa = PBXGroup;
			children = (
				3171B4EA987A27A1D92D1D69 /* libPods.a */,
			);
			name = Frameworks;
			sourceTree = "<group>";
		};
/* End PBXGroup section */

/* Begin PBXNativeTarget section */
		B52CEDE01C2BEE8A008DE32B /* SkyFighting */ = {
			isa = PBXNativeTarget;
			buildConfigurationList = B52CEDF81C2BEE8A008DE32B /* Build configuration list for PBXNativeTarget "SkyFighting" */;
			buildPhases = (
				EEFA897971375CD88C2FE114 /* Check Pods Manifest.lock */,
				B52CEDDD1C2BEE8A008DE32B /* Sources */,
				B52CEDDE1C2BEE8A008DE32B /* Frameworks */,
				B52CEDDF1C2BEE8A008DE32B /* Resources */,
				BDA3A65C48F13C0E7BC23A1F /* Embed Pods Frameworks */,
				9EA224B936FC6348824082C0 /* Copy Pods Resources */,
			);
			buildRules = (
			);
			dependencies = (
			);
			name = SkyFighting;
			productName = SkyFighting;
			productReference = B52CEDE11C2BEE8A008DE32B /* SkyFighting.app */;
			productType = "com.apple.product-type.application";
		};
/* End PBXNativeTarget section */

/* Begin PBXProject section */
		B52CEDD91C2BEE8A008DE32B /* Project object */ = {
			isa = PBXProject;
			attributes = {
				LastUpgradeCheck = 0720;
				ORGANIZATIONNAME = "孙昕";
				TargetAttributes = {
					B52CEDE01C2BEE8A008DE32B = {
						CreatedOnToolsVersion = 7.2;
					};
				};
			};
			buildConfigurationList = B52CEDDC1C2BEE8A008DE32B /* Build configuration list for PBXProject "SkyFighting" */;
			compatibilityVersion = "Xcode 3.2";
			developmentRegion = English;
			hasScannedForEncodings = 0;
			knownRegions = (
				en,
				Base,
			);
			mainGroup = B52CEDD81C2BEE8A008DE32B;
			productRefGroup = B52CEDE21C2BEE8A008DE32B /* Products */;
			projectDirPath = "";
			projectRoot = "";
			targets = (
				B52CEDE01C2BEE8A008DE32B /* SkyFighting */,
			);
		};
/* End PBXProject section */

/* Begin PBXResourcesBuildPhase section */
		B52CEDDF1C2BEE8A008DE32B /* Resources */ = {
			isa = PBXResourcesBuildPhase;
			buildActionMask = 2147483647;
			files = (
				B56E0E701C3379DA004E6B79 /* bomb.wav in Resources */,
				B5D3F8391C2E844500C749A8 /* AlertLeft.png in Resources */,
				B52CEE531C2F7E98008DE32B /* art.scnassets in Resources */,
				B513570F1C32919B001891F9 /* CheckpointVC.xib in Resources */,
				B53917111C2F8BA700E9F0B1 /* GameVC.xib in Resources */,
				B5D3F8411C2E844500C749A8 /* ScoreVC.xib in Resources */,
				B56E0E741C337A84004E6B79 /* protect.wav in Resources */,
				B5D3F8301C2E844500C749A8 /* HUDLoading7.png in Resources */,
				B56E0E721C337A47004E6B79 /* laser.wav in Resources */,
				B56E0E6A1C336A68004E6B79 /* plane.wav in Resources */,
				B5D3F8431C2E844500C749A8 /* StartVC.xib in Resources */,
				B5D3F8321C2E844500C749A8 /* cellcheck.png in Resources */,
				B5D3F82B1C2E844500C749A8 /* HUDLoading2.png in Resources */,
				B52CEDF41C2BEE8A008DE32B /* LaunchScreen.storyboard in Resources */,
				B5D3F83A1C2E844500C749A8 /* AlertRight.png in Resources */,
				B54FA2B11C3275BF003AB331 /* spark.png in Resources */,
				B5D3F8381C2E844500C749A8 /* AlertInfo.png in Resources */,
				B5D3F82F1C2E844500C749A8 /* HUDLoading6.png in Resources */,
				B56E0E6E1C3378F7004E6B79 /* bullet.wav in Resources */,
				B5D3F84A1C2E87F200C749A8 /* HistoryCell.xib in Resources */,
				B5D3F82C1C2E844500C749A8 /* HUDLoading3.png in Resources */,
				B54FA2B01C3275BF003AB331 /* FirePartical.scnp in Resources */,
				B5D3F82D1C2E844500C749A8 /* HUDLoading4.png in Resources */,
				B51357191C33CDFB001891F9 /* DetailCheckpointCell.xib in Resources */,
				B52CEDF11C2BEE8A008DE32B /* Assets.xcassets in Resources */,
				B5D3F82A1C2E844500C749A8 /* HUDLoading1.png in Resources */,
				B5D3F83B1C2E844500C749A8 /* AlertStatus.png in Resources */,
				B56E0E6C1C3376CD004E6B79 /* blast.wav in Resources */,
				B56E0E761C337ADA004E6B79 /* blood.wav in Resources */,
				B5D3F82E1C2E844500C749A8 /* HUDLoading5.png in Resources */,
				B5D3F8291C2E844500C749A8 /* back.png in Resources */,
			);
			runOnlyForDeploymentPostprocessing = 0;
		};
/* End PBXResourcesBuildPhase section */

/* Begin PBXShellScriptBuildPhase section */
		9EA224B936FC6348824082C0 /* Copy Pods Resources */ = {
			isa = PBXShellScriptBuildPhase;
			buildActionMask = 2147483647;
			files = (
			);
			inputPaths = (
			);
			name = "Copy Pods Resources";
			outputPaths = (
			);
			runOnlyForDeploymentPostprocessing = 0;
			shellPath = /bin/sh;
			shellScript = "\"${SRCROOT}/Pods/Target Support Files/Pods/Pods-resources.sh\"\n";
			showEnvVarsInLog = 0;
		};
		BDA3A65C48F13C0E7BC23A1F /* Embed Pods Frameworks */ = {
			isa = PBXShellScriptBuildPhase;
			buildActionMask = 2147483647;
			files = (
			);
			inputPaths = (
			);
			name = "Embed Pods Frameworks";
			outputPaths = (
			);
			runOnlyForDeploymentPostprocessing = 0;
			shellPath = /bin/sh;
			shellScript = "\"${SRCROOT}/Pods/Target Support Files/Pods/Pods-frameworks.sh\"\n";
			showEnvVarsInLog = 0;
		};
		EEFA897971375CD88C2FE114 /* Check Pods Manifest.lock */ = {
			isa = PBXShellScriptBuildPhase;
			buildActionMask = 2147483647;
			files = (
			);
			inputPaths = (
			);
			name = "Check Pods Manifest.lock";
			outputPaths = (
			);
			runOnlyForDeploymentPostprocessing = 0;
			shellPath = /bin/sh;
			shellScript = "diff \"${PODS_ROOT}/../Podfile.lock\" \"${PODS_ROOT}/Manifest.lock\" > /dev/null\nif [[ $? != 0 ]] ; then\n    cat << EOM\nerror: The sandbox is not in sync with the Podfile.lock. Run 'pod install' or update your CocoaPods installation.\nEOM\n    exit 1\nfi\n";
			showEnvVarsInLog = 0;
		};
/* End PBXShellScriptBuildPhase section */

/* Begin PBXSourcesBuildPhase section */
		B52CEDDD1C2BEE8A008DE32B /* Sources */ = {
			isa = PBXSourcesBuildPhase;
			buildActionMask = 2147483647;
			files = (
				B5D3F8331C2E844500C749A8 /* SGActionView.m in Sources */,
				B52CEDE91C2BEE8A008DE32B /* AppDelegate.m in Sources */,
				B5D3F8311C2E844500C749A8 /* IntroView.m in Sources */,
				B5D3F8351C2E844500C749A8 /* SGBaseMenu.m in Sources */,
				B5D3F83D1C2E844500C749A8 /* UserDefaults.m in Sources */,
				B52CEE591C2F876E008DE32B /* GameView.m in Sources */,
				B5D3F8401C2E844500C749A8 /* ScoreVC.m in Sources */,
				B5D3F8361C2E844500C749A8 /* SGGridMenu.m in Sources */,
				B513570E1C32919B001891F9 /* CheckpointVC.m in Sources */,
				B5D3F8281C2E844500C749A8 /* BaseViewController.m in Sources */,
				B51357181C33CDFB001891F9 /* DetailCheckpointCell.m in Sources */,
				B5D3F8421C2E844500C749A8 /* StartVC.m in Sources */,
				B5D3F83C1C2E844500C749A8 /* TipView.m in Sources */,
				B5D3F8481C2E87BC00C749A8 /* HistoryCell.m in Sources */,
				B52CEDE61C2BEE8A008DE32B /* main.m in Sources */,
				B53917101C2F8BA700E9F0B1 /* GameVC.m in Sources */,
				B5D3F8341C2E844500C749A8 /* SGAlertMenu.m in Sources */,
				B5D3F83F1C2E844500C749A8 /* MainTabVC.m in Sources */,
				B53917171C2FD29A00E9F0B1 /* EnemyNode.m in Sources */,
				B5D3F8371C2E844500C749A8 /* SGSheetMenu.m in Sources */,
				B5D3F83E1C2E844500C749A8 /* Util.m in Sources */,
				B5FDD6B11C2FBDA200AB9903 /* InStroVC.m in Sources */,
				B52CEE541C2F7E98008DE32B /* RaderView.m in Sources */,
			);
			runOnlyForDeploymentPostprocessing = 0;
		};
/* End PBXSourcesBuildPhase section */

/* Begin PBXVariantGroup section */
		B52CEDF21C2BEE8A008DE32B /* LaunchScreen.storyboard */ = {
			isa = PBXVariantGroup;
			children = (
				B52CEDF31C2BEE8A008DE32B /* Base */,
			);
			name = LaunchScreen.storyboard;
			sourceTree = "<group>";
		};
/* End PBXVariantGroup section */

/* Begin XCBuildConfiguration section */
		B52CEDF61C2BEE8A008DE32B /* Debug */ = {
			isa = XCBuildConfiguration;
			buildSettings = {
				ALWAYS_SEARCH_USER_PATHS = NO;
				CLANG_CXX_LANGUAGE_STANDARD = "gnu++0x";
				CLANG_CXX_LIBRARY = "libc++";
				CLANG_ENABLE_MODULES = YES;
				CLANG_ENABLE_OBJC_ARC = YES;
				CLANG_WARN_BOOL_CONVERSION = YES;
				CLANG_WARN_CONSTANT_CONVERSION = YES;
				CLANG_WARN_DIRECT_OBJC_ISA_USAGE = YES_ERROR;
				CLANG_WARN_EMPTY_BODY = YES;
				CLANG_WARN_ENUM_CONVERSION = YES;
				CLANG_WARN_INT_CONVERSION = YES;
				CLANG_WARN_OBJC_ROOT_CLASS = YES_ERROR;
				CLANG_WARN_UNREACHABLE_CODE = YES;
				CLANG_WARN__DUPLICATE_METHOD_MATCH = YES;
				"CODE_SIGN_IDENTITY[sdk=iphoneos*]" = "iPhone Developer";
				COPY_PHASE_STRIP = NO;
				DEBUG_INFORMATION_FORMAT = dwarf;
				ENABLE_STRICT_OBJC_MSGSEND = YES;
				ENABLE_TESTABILITY = YES;
				GCC_C_LANGUAGE_STANDARD = gnu99;
				GCC_DYNAMIC_NO_PIC = NO;
				GCC_NO_COMMON_BLOCKS = YES;
				GCC_OPTIMIZATION_LEVEL = 0;
				GCC_PREPROCESSOR_DEFINITIONS = (
					"DEBUG=1",
					"$(inherited)",
				);
				GCC_WARN_64_TO_32_BIT_CONVERSION = YES;
				GCC_WARN_ABOUT_RETURN_TYPE = YES_ERROR;
				GCC_WARN_UNDECLARED_SELECTOR = YES;
				GCC_WARN_UNINITIALIZED_AUTOS = YES_AGGRESSIVE;
				GCC_WARN_UNUSED_FUNCTION = YES;
				GCC_WARN_UNUSED_VARIABLE = YES;
				IPHONEOS_DEPLOYMENT_TARGET = 9.2;
				MTL_ENABLE_DEBUG_INFO = YES;
				ONLY_ACTIVE_ARCH = YES;
				SDKROOT = iphoneos;
			};
			name = Debug;
		};
		B52CEDF71C2BEE8A008DE32B /* Release */ = {
			isa = XCBuildConfiguration;
			buildSettings = {
				ALWAYS_SEARCH_USER_PATHS = NO;
				CLANG_CXX_LANGUAGE_STANDARD = "gnu++0x";
				CLANG_CXX_LIBRARY = "libc++";
				CLANG_ENABLE_MODULES = YES;
				CLANG_ENABLE_OBJC_ARC = YES;
				CLANG_WARN_BOOL_CONVERSION = YES;
				CLANG_WARN_CONSTANT_CONVERSION = YES;
				CLANG_WARN_DIRECT_OBJC_ISA_USAGE = YES_ERROR;
				CLANG_WARN_EMPTY_BODY = YES;
				CLANG_WARN_ENUM_CONVERSION = YES;
				CLANG_WARN_INT_CONVERSION = YES;
				CLANG_WARN_OBJC_ROOT_CLASS = YES_ERROR;
				CLANG_WARN_UNREACHABLE_CODE = YES;
				CLANG_WARN__DUPLICATE_METHOD_MATCH = YES;
				"CODE_SIGN_IDENTITY[sdk=iphoneos*]" = "iPhone Developer";
				COPY_PHASE_STRIP = NO;
				DEBUG_INFORMATION_FORMAT = "dwarf-with-dsym";
				ENABLE_NS_ASSERTIONS = NO;
				ENABLE_STRICT_OBJC_MSGSEND = YES;
				GCC_C_LANGUAGE_STANDARD = gnu99;
				GCC_NO_COMMON_BLOCKS = YES;
				GCC_WARN_64_TO_32_BIT_CONVERSION = YES;
				GCC_WARN_ABOUT_RETURN_TYPE = YES_ERROR;
				GCC_WARN_UNDECLARED_SELECTOR = YES;
				GCC_WARN_UNINITIALIZED_AUTOS = YES_AGGRESSIVE;
				GCC_WARN_UNUSED_FUNCTION = YES;
				GCC_WARN_UNUSED_VARIABLE = YES;
				IPHONEOS_DEPLOYMENT_TARGET = 9.2;
				MTL_ENABLE_DEBUG_INFO = NO;
				SDKROOT = iphoneos;
				VALIDATE_PRODUCT = YES;
			};
			name = Release;
		};
		B52CEDF91C2BEE8A008DE32B /* Debug */ = {
			isa = XCBuildConfiguration;
			baseConfigurationReference = CD49B49B25C35B1A5D639267 /* Pods.debug.xcconfig */;
			buildSettings = {
				ASSETCATALOG_COMPILER_APPICON_NAME = AppIcon;
				INFOPLIST_FILE = SkyFighting/Info.plist;
				IPHONEOS_DEPLOYMENT_TARGET = 8.0;
				LD_RUNPATH_SEARCH_PATHS = "$(inherited) @executable_path/Frameworks";
				PRODUCT_BUNDLE_IDENTIFIER = test.SkyFighting;
				PRODUCT_NAME = "$(TARGET_NAME)";
			};
			name = Debug;
		};
		B52CEDFA1C2BEE8A008DE32B /* Release */ = {
			isa = XCBuildConfiguration;
			baseConfigurationReference = D74D4AE0A390BDE6D7713197 /* Pods.release.xcconfig */;
			buildSettings = {
				ASSETCATALOG_COMPILER_APPICON_NAME = AppIcon;
				INFOPLIST_FILE = SkyFighting/Info.plist;
				IPHONEOS_DEPLOYMENT_TARGET = 8.0;
				LD_RUNPATH_SEARCH_PATHS = "$(inherited) @executable_path/Frameworks";
				PRODUCT_BUNDLE_IDENTIFIER = test.SkyFighting;
				PRODUCT_NAME = "$(TARGET_NAME)";
			};
			name = Release;
		};
/* End XCBuildConfiguration section */

/* Begin XCConfigurationList section */
		B52CEDDC1C2BEE8A008DE32B /* Build configuration list for PBXProject "SkyFighting" */ = {
			isa = XCConfigurationList;
			buildConfigurations = (
				B52CEDF61C2BEE8A008DE32B /* Debug */,
				B52CEDF71C2BEE8A008DE32B /* Release */,
			);
			defaultConfigurationIsVisible = 0;
			defaultConfigurationName = Release;
		};
		B52CEDF81C2BEE8A008DE32B /* Build configuration list for PBXNativeTarget "SkyFighting" */ = {
			isa = XCConfigurationList;
			buildConfigurations = (
				B52CEDF91C2BEE8A008DE32B /* Debug */,
				B52CEDFA1C2BEE8A008DE32B /* Release */,
			);
			defaultConfigurationIsVisible = 0;
			defaultConfigurationName = Release;
		};
/* End XCConfigurationList section */
	};
	rootObject = B52CEDD91C2BEE8A008DE32B /* Project object */;
}
